<?xml version="1.0" encoding="utf-8"?>
<Project ToolsVersion="4.0" xmlns="http://schemas.microsoft.com/developer/msbuild/2003">
  <ItemGroup>
    <Filter Include="Source Files">
      <UniqueIdentifier>{4FC737F1-C7A5-4376-A066-2A32D752A2FF}</UniqueIdentifier>
      <Extensions>cpp;c;cc;cxx;def;odl;idl;hpj;bat;asm;asmx</Extensions>
    </Filter>
    <Filter Include="Header Files">
      <UniqueIdentifier>{93995380-89BD-4b04-88EB-625FBE52EBFB}</UniqueIdentifier>
      <Extensions>h;hh;hpp;hxx;hm;inl;inc;xsd</Extensions>
    </Filter>
    <Filter Include="Resource Files">
      <UniqueIdentifier>{67DA6AB6-F800-4c08-8B7A-83BB121AAD01}</UniqueIdentifier>
      <Extensions>rc;ico;cur;bmp;dlg;rc2;rct;bin;rgs;gif;jpg;jpeg;jpe;resx;tiff;tif;png;wav;mfcribbon-ms</Extensions>
    </Filter>
    <Filter Include="Source Files\Tem">
      <UniqueIdentifier>{abddbafb-5cea-44eb-b3ec-951a0a8faad2}</UniqueIdentifier>
    </Filter>
  </ItemGroup>
  <ItemGroup>
    <ClCompile Include="ConvexHull.cpp">
      <Filter>Source Files</Filter>
    </ClCompile>
    <ClCompile Include="Camera.cpp">
      <Filter>Source Files\Tem</Filter>
    </ClCompile>
    <ClCompile Include="FaceDetector.cpp">
      <Filter>Source Files\Tem</Filter>
    </ClCompile>
    <ClCompile Include="Hand_convex_hull.cpp">
      <Filter>Source Files\Tem</Filter>
    </ClCompile>
    <ClCompile Include="Handc0nvexhull.cpp">
      <Filter>Source Files\Tem</Filter>
    </ClCompile>
    <ClCompile Include="matchShape.cpp">
      <Filter>Source Files\Tem</Filter>
    </ClCompile>
    <ClCompile Include="MoveDetection.cpp">
      <Filter>Source Files\Tem</Filter>
    </ClCompile>
    <ClCompile Include="movementDetecition2.cpp">
      <Filter>Source Files\Tem</Filter>
    </ClCompile>
    <ClCompile Include="movementDetection.cpp">
      <Filter>Source Files\Tem</Filter>
    </ClCompile>
    <ClCompile Include="Source.cpp">
      <Filter>Source Files\Tem</Filter>
    </ClCompile>
    <ClCompile Include="TemplateMatching.cpp">
      <Filter>Source Files\Tem</Filter>
    </ClCompile>
    <ClCompile Include="Main.cpp">
      <Filter>Source Files</Filter>
    </ClCompile>
    <ClCompile Include="Ex1206.cpp">
      <Filter>Source Files\Tem</Filter>
    </ClCompile>
    <ClCompile Include="MenuInterface.cpp">
      <Filter>Source Files</Filter>
    </ClCompile>
    <ClCompile Include="FindingFinger.cpp">
      <Filter>Source Files</Filter>
    </ClCompile>
    <ClCompile Include="..\..\..\%28C++API%29OpenCV프로그래밍\OpenCV2413%28examples%29\Chap05\cvEx0503\ROI.cpp">
      <Filter>Source Files</Filter>
    </ClCompile>
    <ClCompile Include="Drawing.cpp">
      <Filter>Source Files</Filter>
    </ClCompile>
    <ClCompile Include="coloring.cpp">
      <Filter>Source Files</Filter>
    </ClCompile>
    <ClCompile Include="ComparingImage.cpp">
      <Filter>Source Files</Filter>
    </ClCompile>
    <ClCompile Include="addlogo.cpp">
      <Filter>Source Files</Filter>
    </ClCompile>
    <ClCompile Include="cvEx1203.cpp">
      <Filter>Source Files</Filter>
    </ClCompile>
    <ClCompile Include="..\..\..\..\OpenCV_C++API_Appendix\OpenCV2.4.10(examples)\Chap9\cvEx0915\cvEx0915.cpp">
      <Filter>Source Files</Filter>
    </ClCompile>
    <ClCompile Include="..\..\..\..\OpenCV_C++API_Appendix\OpenCV2.4.10(examples)\Chap7\cvEx0716\cvEx0716.cpp">
      <Filter>Source Files</Filter>
    </ClCompile>
  </ItemGroup>
  <ItemGroup>
    <ClInclude Include="utils7.hpp">
      <Filter>Header Files</Filter>
    </ClInclude>
    <ClInclude Include="HandDetection.h">
      <Filter>Header Files</Filter>
    </ClInclude>
    <ClInclude Include="ConvexHull.h">
      <Filter>Header Files</Filter>
    </ClInclude>
    <ClInclude Include="MenuInterface.h">
      <Filter>Header Files</Filter>
    </ClInclude>
    <ClInclude Include="FindingFinger.h">
      <Filter>Header Files</Filter>
    </ClInclude>
    <ClInclude Include="BlobLabeling.h">
      <Filter>Header Files</Filter>
    </ClInclude>
    <ClInclude Include="stdafx.h">
      <Filter>Header Files</Filter>
    </ClInclude>
    <ClInclude Include="Drawing.h">
      <Filter>Header Files</Filter>
    </ClInclude>
  </ItemGroup>
  <ItemGroup>
    <None Include="ClassDiagram.cd" />
  </ItemGroup>
</Project>